// !$*UTF8*$!
{
	archiveVersion = 1;
	classes = {
	};
	objectVersion = 46;
	objects = {

/* Begin PBXBuildFile section */
		D42B6F1B1AAD0E6B00236317 /* AppDelegate.swift in Sources */ = {isa = PBXBuildFile; fileRef = D42B6F1A1AAD0E6B00236317 /* AppDelegate.swift */; };
		D42B6F1D1AAD0E6B00236317 /* ViewController.swift in Sources */ = {isa = PBXBuildFile; fileRef = D42B6F1C1AAD0E6B00236317 /* ViewController.swift */; };
		D42B6F201AAD0E6B00236317 /* Main.storyboard in Resources */ = {isa = PBXBuildFile; fileRef = D42B6F1E1AAD0E6B00236317 /* Main.storyboard */; };
		D42B6F221AAD0E6B00236317 /* Images.xcassets in Resources */ = {isa = PBXBuildFile; fileRef = D42B6F211AAD0E6B00236317 /* Images.xcassets */; };
		D42B6F251AAD0E6B00236317 /* LaunchScreen.xib in Resources */ = {isa = PBXBuildFile; fileRef = D42B6F231AAD0E6B00236317 /* LaunchScreen.xib */; };
		D42B6F311AAD0E6B00236317 /* Quantum_Tic_Tac_ToeTests.swift in Sources */ = {isa = PBXBuildFile; fileRef = D42B6F301AAD0E6B00236317 /* Quantum_Tic_Tac_ToeTests.swift */; };
/* End PBXBuildFile section */

/* Begin PBXContainerItemProxy section */
		D42B6F2B1AAD0E6B00236317 /* PBXContainerItemProxy */ = {
			isa = PBXContainerItemProxy;
			containerPortal = D42B6F0D1AAD0E6B00236317 /* Project object */;
			proxyType = 1;
			remoteGlobalIDString = D42B6F141AAD0E6B00236317;
			remoteInfo = "Quantum Tic-Tac-Toe";
		};
/* End PBXContainerItemProxy section */

/* Begin PBXFileReference section */
		D42B6F151AAD0E6B00236317 /* Quantum Tic-Tac-Toe.app */ = {isa = PBXFileReference; explicitFileType = wrapper.application; includeInIndex = 0; path = "Quantum Tic-Tac-Toe.app"; sourceTree = BUILT_PRODUCTS_DIR; };
		D42B6F191AAD0E6B00236317 /* Info.plist */ = {isa = PBXFileReference; lastKnownFileType = text.plist.xml; path = Info.plist; sourceTree = "<group>"; };
		D42B6F1A1AAD0E6B00236317 /* AppDelegate.swift */ = {isa = PBXFileReference; lastKnownFileType = sourcecode.swift; path = AppDelegate.swift; sourceTree = "<group>"; };
		D42B6F1C1AAD0E6B00236317 /* ViewController.swift */ = {isa = PBXFileReference; lastKnownFileType = sourcecode.swift; path = ViewController.swift; sourceTree = "<group>"; };
		D42B6F1F1AAD0E6B00236317 /* Base */ = {isa = PBXFileReference; lastKnownFileType = file.storyboard; name = Base; path = Base.lproj/Main.storyboard; sourceTree = "<group>"; };
		D42B6F211AAD0E6B00236317 /* Images.xcassets */ = {isa = PBXFileReference; lastKnownFileType = folder.assetcatalog; path = Images.xcassets; sourceTree = "<group>"; };
		D42B6F241AAD0E6B00236317 /* Base */ = {isa = PBXFileReference; lastKnownFileType = file.xib; name = Base; path = Base.lproj/LaunchScreen.xib; sourceTree = "<group>"; };
		D42B6F2A1AAD0E6B00236317 /* Quantum Tic-Tac-ToeTests.xctest */ = {isa = PBXFileReference; explicitFileType = wrapper.cfbundle; includeInIndex = 0; path = "Quantum Tic-Tac-ToeTests.xctest"; sourceTree = BUILT_PRODUCTS_DIR; };
		D42B6F2F1AAD0E6B00236317 /* Info.plist */ = {isa = PBXFileReference; lastKnownFileType = text.plist.xml; path = Info.plist; sourceTree = "<group>"; };
		D42B6F301AAD0E6B00236317 /* Quantum_Tic_Tac_ToeTests.swift */ = {isa = PBXFileReference; lastKnownFileType = sourcecode.swift; path = Quantum_Tic_Tac_ToeTests.swift; sourceTree = "<group>"; };
/* End PBXFileReference section */

/* Begin PBXFrameworksBuildPhase section */
		D42B6F121AAD0E6B00236317 /* Frameworks */ = {
			isa = PBXFrameworksBuildPhase;
			buildActionMask = 2147483647;
			files = (
			);
			runOnlyForDeploymentPostprocessing = 0;
		};
		D42B6F271AAD0E6B00236317 /* Frameworks */ = {
			isa = PBXFrameworksBuildPhase;
			buildActionMask = 2147483647;
			files = (
			);
			runOnlyForDeploymentPostprocessing = 0;
		};
/* End PBXFrameworksBuildPhase section */

/* Begin PBXGroup section */
		D42B6F0C1AAD0E6B00236317 = {
			isa = PBXGroup;
			children = (
				D42B6F171AAD0E6B00236317 /* Quantum Tic-Tac-Toe */,
				D42B6F2D1AAD0E6B00236317 /* Quantum Tic-Tac-ToeTests */,
				D42B6F161AAD0E6B00236317 /* Products */,
			);
			sourceTree = "<group>";
		};
		D42B6F161AAD0E6B00236317 /* Products */ = {
			isa = PBXGroup;
			children = (
				D42B6F151AAD0E6B00236317 /* Quantum Tic-Tac-Toe.app */,
				D42B6F2A1AAD0E6B00236317 /* Quantum Tic-Tac-ToeTests.xctest */,
			);
			name = Products;
			sourceTree = "<group>";
		};
		D42B6F171AAD0E6B00236317 /* Quantum Tic-Tac-Toe */ = {
			isa = PBXGroup;
			children = (
				D42B6F1A1AAD0E6B00236317 /* AppDelegate.swift */,
				D42B6F1C1AAD0E6B00236317 /* ViewController.swift */,
				D42B6F1E1AAD0E6B00236317 /* Main.storyboard */,
				D42B6F211AAD0E6B00236317 /* Images.xcassets */,
				D42B6F231AAD0E6B00236317 /* LaunchScreen.xib */,
				D42B6F181AAD0E6B00236317 /* Supporting Files */,
			);
			path = "Quantum Tic-Tac-Toe";
			sourceTree = "<group>";
		};
		D42B6F181AAD0E6B00236317 /* Supporting Files */ = {
			isa = PBXGroup;
			children = (
				D42B6F191AAD0E6B00236317 /* Info.plist */,
			);
			name = "Supporting Files";
			sourceTree = "<group>";
		};
		D42B6F2D1AAD0E6B00236317 /* Quantum Tic-Tac-ToeTests */ = {
			isa = PBXGroup;
			children = (
				D42B6F301AAD0E6B00236317 /* Quantum_Tic_Tac_ToeTests.swift */,
				D42B6F2E1AAD0E6B00236317 /* Supporting Files */,
			);
			path = "Quantum Tic-Tac-ToeTests";
			sourceTree = "<group>";
		};
		D42B6F2E1AAD0E6B00236317 /* Supporting Files */ = {
			isa = PBXGroup;
			children = (
				D42B6F2F1AAD0E6B00236317 /* Info.plist */,
			);
			name = "Supporting Files";
			sourceTree = "<group>";
		};
/* End PBXGroup section */

/* Begin PBXNativeTarget section */
		D42B6F141AAD0E6B00236317 /* Quantum Tic-Tac-Toe */ = {
			isa = PBXNativeTarget;
			buildConfigurationList = D42B6F341AAD0E6B00236317 /* Build configuration list for PBXNativeTarget "Quantum Tic-Tac-Toe" */;
			buildPhases = (
				D42B6F111AAD0E6B00236317 /* Sources */,
				D42B6F121AAD0E6B00236317 /* Frameworks */,
				D42B6F131AAD0E6B00236317 /* Resources */,
			);
			buildRules = (
			);
			dependencies = (
			);
			name = "Quantum Tic-Tac-Toe";
			productName = "Quantum Tic-Tac-Toe";
			productReference = D42B6F151AAD0E6B00236317 /* Quantum Tic-Tac-Toe.app */;
			productType = "com.apple.product-type.application";
		};
		D42B6F291AAD0E6B00236317 /* Quantum Tic-Tac-ToeTests */ = {
			isa = PBXNativeTarget;
			buildConfigurationList = D42B6F371AAD0E6B00236317 /* Build configuration list for PBXNativeTarget "Quantum Tic-Tac-ToeTests" */;
			buildPhases = (
				D42B6F261AAD0E6B00236317 /* Sources */,
				D42B6F271AAD0E6B00236317 /* Frameworks */,
				D42B6F281AAD0E6B00236317 /* Resources */,
			);
			buildRules = (
			);
			dependencies = (
				D42B6F2C1AAD0E6B00236317 /* PBXTargetDependency */,
			);
			name = "Quantum Tic-Tac-ToeTests";
			productName = "Quantum Tic-Tac-ToeTests";
			productReference = D42B6F2A1AAD0E6B00236317 /* Quantum Tic-Tac-ToeTests.xctest */;
			productType = "com.apple.product-type.bundle.unit-test";
		};
/* End PBXNativeTarget section */

/* Begin PBXProject section */
		D42B6F0D1AAD0E6B00236317 /* Project object */ = {
			isa = PBXProject;
			attributes = {
				LastUpgradeCheck = 0630;
				ORGANIZATIONNAME = "Josef Willsher";
				TargetAttributes = {
					D42B6F141AAD0E6B00236317 = {
						CreatedOnToolsVersion = 6.3;
					};
					D42B6F291AAD0E6B00236317 = {
						CreatedOnToolsVersion = 6.3;
						TestTargetID = D42B6F141AAD0E6B00236317;
					};
				};
			};
			buildConfigurationList = D42B6F101AAD0E6B00236317 /* Build configuration list for PBXProject "Quantum Tic-Tac-Toe" */;
			compatibilityVersion = "Xcode 3.2";
			developmentRegion = English;
			hasScannedForEncodings = 0;
			knownRegions = (
				en,
				Base,
			);
			mainGroup = D42B6F0C1AAD0E6B00236317;
			productRefGroup = D42B6F161AAD0E6B00236317 /* Products */;
			projectDirPath = "";
			projectRoot = "";
			targets = (
				D42B6F141AAD0E6B00236317 /* Quantum Tic-Tac-Toe */,
				D42B6F291AAD0E6B00236317 /* Quantum Tic-Tac-ToeTests */,
			);
		};
/* End PBXProject section */

/* Begin PBXResourcesBuildPhase section */
		D42B6F131AAD0E6B00236317 /* Resources */ = {
			isa = PBXResourcesBuildPhase;
			buildActionMask = 2147483647;
			files = (
				D42B6F201AAD0E6B00236317 /* Main.storyboard in Resources */,
				D42B6F251AAD0E6B00236317 /* LaunchScreen.xib in Resources */,
				D42B6F221AAD0E6B00236317 /* Images.xcassets in Resources */,
			);
			runOnlyForDeploymentPostprocessing = 0;
		};
		D42B6F281AAD0E6B00236317 /* Resources */ = {
			isa = PBXResourcesBuildPhase;
			buildActionMask = 2147483647;
			files = (
			);
			runOnlyForDeploymentPostprocessing = 0;
		};
/* End PBXResourcesBuildPhase section */

/* Begin PBXSourcesBuildPhase section */
		D42B6F111AAD0E6B00236317 /* Sources */ = {
			isa = PBXSourcesBuildPhase;
			buildActionMask = 2147483647;
			files = (
				D42B6F1D1AAD0E6B00236317 /* ViewController.swift in Sources */,
				D42B6F1B1AAD0E6B00236317 /* AppDelegate.swift in Sources */,
			);
			runOnlyForDeploymentPostprocessing = 0;
		};
		D42B6F261AAD0E6B00236317 /* Sources */ = {
			isa = PBXSourcesBuildPhase;
			buildActionMask = 2147483647;
			files = (
				D42B6F311AAD0E6B00236317 /* Quantum_Tic_Tac_ToeTests.swift in Sources */,
			);
			runOnlyForDeploymentPostprocessing = 0;
		};
/* End PBXSourcesBuildPhase section */

/* Begin PBXTargetDependency section */
		D42B6F2C1AAD0E6B00236317 /* PBXTargetDependency */ = {
			isa = PBXTargetDependency;
			target = D42B6F141AAD0E6B00236317 /* Quantum Tic-Tac-Toe */;
			targetProxy = D42B6F2B1AAD0E6B00236317 /* PBXContainerItemProxy */;
		};
/* End PBXTargetDependency section */

/* Begin PBXVariantGroup section */
		D42B6F1E1AAD0E6B00236317 /* Main.storyboard */ = {
			isa = PBXVariantGroup;
			children = (
				D42B6F1F1AAD0E6B00236317 /* Base */,
			);
			name = Main.storyboard;
			sourceTree = "<group>";
		};
		D42B6F231AAD0E6B00236317 /* LaunchScreen.xib */ = {
			isa = PBXVariantGroup;
			children = (
				D42B6F241AAD0E6B00236317 /* Base */,
			);
			name = LaunchScreen.xib;
			sourceTree = "<group>";
		};
/* End PBXVariantGroup section */

/* Begin XCBuildConfiguration section */
		D42B6F321AAD0E6B00236317 /* Debug */ = {
			isa = XCBuildConfiguration;
			buildSettings = {
				ALWAYS_SEARCH_USER_PATHS = NO;
				CLANG_CXX_LANGUAGE_STANDARD = "gnu++0x";
				CLANG_CXX_LIBRARY = "libc++";
				CLANG_ENABLE_MODULES = YES;
				CLANG_ENABLE_OBJC_ARC = YES;
				CLANG_WARN_BOOL_CONVERSION = YES;
				CLANG_WARN_CONSTANT_CONVERSION = YES;
				CLANG_WARN_DIRECT_OBJC_ISA_USAGE = YES_ERROR;
				CLANG_WARN_EMPTY_BODY = YES;
				CLANG_WARN_ENUM_CONVERSION = YES;
				CLANG_WARN_INT_CONVERSION = YES;
				CLANG_WARN_OBJC_ROOT_CLASS = YES_ERROR;
				CLANG_WARN_UNREACHABLE_CODE = YES;
				CLANG_WARN__DUPLICATE_METHOD_MATCH = YES;
				"CODE_SIGN_IDENTITY[sdk=iphoneos*]" = "iPhone Developer";
				COPY_PHASE_STRIP = NO;
				DEBUG_INFORMATION_FORMAT = dwarf;
				ENABLE_STRICT_OBJC_MSGSEND = YES;
				GCC_C_LANGUAGE_STANDARD = gnu99;
				GCC_DYNAMIC_NO_PIC = NO;
				GCC_NO_COMMON_BLOCKS = YES;
				GCC_OPTIMIZATION_LEVEL = 0;
				GCC_PREPROCESSOR_DEFINITIONS = (
					"DEBUG=1",
					"$(inherited)",
				);
				GCC_SYMBOLS_PRIVATE_EXTERN = NO;
				GCC_WARN_64_TO_32_BIT_CONVERSION = YES;
				GCC_WARN_ABOUT_RETURN_TYPE = YES_ERROR;
				GCC_WARN_UNDECLARED_SELECTOR = YES;
				GCC_WARN_UNINITIALIZED_AUTOS = YES_AGGRESSIVE;
				GCC_WARN_UNUSED_FUNCTION = YES;
				GCC_WARN_UNUSED_VARIABLE = YES;
				IPHONEOS_DEPLOYMENT_TARGET = 8.3;
				MTL_ENABLE_DEBUG_INFO = YES;
				ONLY_ACTIVE_ARCH = YES;
				SDKROOT = iphoneos;
				SWIFT_OPTIMIZATION_LEVEL = "-Onone";
				TARGETED_DEVICE_FAMILY = "1,2";
			};
			name = Debug;
		};
		D42B6F331AAD0E6B00236317 /* Release */ = {
			isa = XCBuildConfiguration;
			buildSettings = {
				ALWAYS_SEARCH_USER_PATHS = NO;
				CLANG_CXX_LANGUAGE_STANDARD = "gnu++0x";
				CLANG_CXX_LIBRARY = "libc++";
				CLANG_ENABLE_MODULES = YES;
				CLANG_ENABLE_OBJC_ARC = YES;
				CLANG_WARN_BOOL_CONVERSION = YES;
				CLANG_WARN_CONSTANT_CONVERSION = YES;
				CLANG_WARN_DIRECT_OBJC_ISA_USAGE = YES_ERROR;
				CLANG_WARN_EMPTY_BODY = YES;
				CLANG_WARN_ENUM_CONVERSION = YES;
				CLANG_WARN_INT_CONVERSION = YES;
				CLANG_WARN_OBJC_ROOT_CLASS = YES_ERROR;
				CLANG_WARN_UNREACHABLE_CODE = YES;
				CLANG_WARN__DUPLICATE_METHOD_MATCH = YES;
				"CODE_SIGN_IDENTITY[sdk=iphoneos*]" = "iPhone Developer";
				COPY_PHASE_STRIP = NO;
				DEBUG_INFORMATION_FORMAT = "dwarf-with-dsym";
				ENABLE_NS_ASSERTIONS = NO;
				ENABLE_STRICT_OBJC_MSGSEND = YES;
				GCC_C_LANGUAGE_STANDARD = gnu99;
				GCC_NO_COMMON_BLOCKS = YES;
				GCC_WARN_64_TO_32_BIT_CONVERSION = YES;
				GCC_WARN_ABOUT_RETURN_TYPE = YES_ERROR;
				GCC_WARN_UNDECLARED_SELECTOR = YES;
				GCC_WARN_UNINITIALIZED_AUTOS = YES_AGGRESSIVE;
				GCC_WARN_UNUSED_FUNCTION = YES;
				GCC_WARN_UNUSED_VARIABLE = YES;
				IPHONEOS_DEPLOYMENT_TARGET = 8.3;
				MTL_ENABLE_DEBUG_INFO = NO;
				SDKROOT = iphoneos;
				TARGETED_DEVICE_FAMILY = "1,2";
				VALIDATE_PRODUCT = YES;
			};
			name = Release;
		};
		D42B6F351AAD0E6B00236317 /* Debug */ = {
			isa = XCBuildConfiguration;
			buildSettings = {
				ASSETCATALOG_COMPILER_APPICON_NAME = AppIcon;
				INFOPLIST_FILE = "Quantum Tic-Tac-Toe/Info.plist";
				LD_RUNPATH_SEARCH_PATHS = "$(inherited) @executable_path/Frameworks";
				PRODUCT_NAME = "$(TARGET_NAME)";
			};
			name = Debug;
		};
		D42B6F361AAD0E6B00236317 /* Release */ = {
			isa = XCBuildConfiguration;
			buildSettings = {
				ASSETCATALOG_COMPILER_APPICON_NAME = AppIcon;
				INFOPLIST_FILE = "Quantum Tic-Tac-Toe/Info.plist";
				LD_RUNPATH_SEARCH_PATHS = "$(inherited) @executable_path/Frameworks";
				PRODUCT_NAME = "$(TARGET_NAME)";
			};
			name = Release;
		};
		D42B6F381AAD0E6B00236317 /* Debug */ = {
			isa = XCBuildConfiguration;
			buildSettings = {
				BUNDLE_LOADER = "$(TEST_HOST)";
				FRAMEWORK_SEARCH_PATHS = (
					"$(SDKROOT)/Developer/Library/Frameworks",
					"$(inherited)",
				);
				GCC_PREPROCESSOR_DEFINITIONS = (
					"DEBUG=1",
					"$(inherited)",
				);
				INFOPLIST_FILE = "Quantum Tic-Tac-ToeTests/Info.plist";
				LD_RUNPATH_SEARCH_PATHS = "$(inherited) @executable_path/Frameworks @loader_path/Frameworks";
				PRODUCT_NAME = "$(TARGET_NAME)";
				TEST_HOST = "$(BUILT_PRODUCTS_DIR)/Quantum Tic-Tac-Toe.app/Quantum Tic-Tac-Toe";
			};
			name = Debug;
		};
		D42B6F391AAD0E6B00236317 /* Release */ = {
			isa = XCBuildConfiguration;
			buildSettings = {
				BUNDLE_LOADER = "$(TEST_HOST)";
				FRAMEWORK_SEARCH_PATHS = (
					"$(SDKROOT)/Developer/Library/Frameworks",
					"$(inherited)",
				);
				INFOPLIST_FILE = "Quantum Tic-Tac-ToeTests/Info.plist";
				LD_RUNPATH_SEARCH_PATHS = "$(inherited) @executable_path/Frameworks @loader_path/Frameworks";
				PRODUCT_NAME = "$(TARGET_NAME)";
				TEST_HOST = "$(BUILT_PRODUCTS_DIR)/Quantum Tic-Tac-Toe.app/Quantum Tic-Tac-Toe";
			};
			name = Release;
		};
/* End XCBuildConfiguration section */

/* Begin XCConfigurationList section */
		D42B6F101AAD0E6B00236317 /* Build configuration list for PBXProject "Quantum Tic-Tac-Toe" */ = {
			isa = XCConfigurationList;
			buildConfigurations = (
				D42B6F321AAD0E6B00236317 /* Debug */,
				D42B6F331AAD0E6B00236317 /* Release */,
			);
			defaultConfigurationIsVisible = 0;
			defaultConfigurationName = Release;
		};
		D42B6F341AAD0E6B00236317 /* Build configuration list for PBXNativeTarget "Quantum Tic-Tac-Toe" */ = {
			isa = XCConfigurationList;
			buildConfigurations = (
				D42B6F351AAD0E6B00236317 /* Debug */,
				D42B6F361AAD0E6B00236317 /* Release */,
			);
			defaultConfigurationIsVisible = 0;
		};
		D42B6F371AAD0E6B00236317 /* Build configuration list for PBXNativeTarget "Quantum Tic-Tac-ToeTests" */ = {
			isa = XCConfigurationList;
			buildConfigurations = (
				D42B6F381AAD0E6B00236317 /* Debug */,
				D42B6F391AAD0E6B00236317 /* Release */,
			);
			defaultConfigurationIsVisible = 0;
		};
/* End XCConfigurationList section */
	};
	rootObject = D42B6F0D1AAD0E6B00236317 /* Project object */;
}
